// !$*UTF8*$!
{
	archiveVersion = 1;
	classes = {
	};
	objectVersion = 46;
	objects = {

/* Begin PBXBuildFile section */
		2C113F4D1532C66200F48BB1 /* CircleCreateEventStoryboard.storyboard in Resources */ = {isa = PBXBuildFile; fileRef = 2C113F4C1532C66200F48BB1 /* CircleCreateEventStoryboard.storyboard */; };
		2C113F521532C90D00F48BB1 /* CircleNameDetailsTableViewController.m in Sources */ = {isa = PBXBuildFile; fileRef = 2C113F511532C8B000F48BB1 /* CircleNameDetailsTableViewController.m */; };
		2C113F551532C98800F48BB1 /* CircleWhereTableViewController.m in Sources */ = {isa = PBXBuildFile; fileRef = 2C113F541532C98800F48BB1 /* CircleWhereTableViewController.m */; };
		2C113F581532C9CD00F48BB1 /* CircleWhenTableViewController.m in Sources */ = {isa = PBXBuildFile; fileRef = 2C113F571532C9CD00F48BB1 /* CircleWhenTableViewController.m */; };
		2C113F5B1532CB1100F48BB1 /* CircleOverviewSaveTableViewController.m in Sources */ = {isa = PBXBuildFile; fileRef = 2C113F5A1532CB1100F48BB1 /* CircleOverviewSaveTableViewController.m */; };
		2C4FFD861535EBE0001AD2FC /* tabbar-checkin@2x.png in Resources */ = {isa = PBXBuildFile; fileRef = 2C4FFD851535EBE0001AD2FC /* tabbar-checkin@2x.png */; };
		2C4FFD881535EC92001AD2FC /* tabbar-checkin.png in Resources */ = {isa = PBXBuildFile; fileRef = 2C4FFD871535EC91001AD2FC /* tabbar-checkin.png */; };
		2C4FFD941535F022001AD2FC /* tabbar-checkin.png in Resources */ = {isa = PBXBuildFile; fileRef = 2C4FFD8A1535F022001AD2FC /* tabbar-checkin.png */; };
		2C4FFD951535F022001AD2FC /* tabbar-checkin@2x.png in Resources */ = {isa = PBXBuildFile; fileRef = 2C4FFD8B1535F022001AD2FC /* tabbar-checkin@2x.png */; };
		2C4FFD961535F022001AD2FC /* tabbar-messages.png in Resources */ = {isa = PBXBuildFile; fileRef = 2C4FFD8C1535F022001AD2FC /* tabbar-messages.png */; };
		2C4FFD971535F022001AD2FC /* tabbar-messages@2x.png in Resources */ = {isa = PBXBuildFile; fileRef = 2C4FFD8D1535F022001AD2FC /* tabbar-messages@2x.png */; };
		2C4FFD981535F022001AD2FC /* tabbar-nearby.png in Resources */ = {isa = PBXBuildFile; fileRef = 2C4FFD8E1535F022001AD2FC /* tabbar-nearby.png */; };
		2C4FFD991535F022001AD2FC /* tabbar-nearby@2x.png in Resources */ = {isa = PBXBuildFile; fileRef = 2C4FFD8F1535F022001AD2FC /* tabbar-nearby@2x.png */; };
		2C4FFD9A1535F022001AD2FC /* tabbar-new-event.png in Resources */ = {isa = PBXBuildFile; fileRef = 2C4FFD901535F022001AD2FC /* tabbar-new-event.png */; };
		2C4FFD9B1535F022001AD2FC /* tabbar-new-event@2x.png in Resources */ = {isa = PBXBuildFile; fileRef = 2C4FFD911535F022001AD2FC /* tabbar-new-event@2x.png */; };
		2C4FFD9C1535F022001AD2FC /* tabbar-search.png in Resources */ = {isa = PBXBuildFile; fileRef = 2C4FFD921535F022001AD2FC /* tabbar-search.png */; };
		2C4FFD9D1535F022001AD2FC /* tabbar-search@2x.png in Resources */ = {isa = PBXBuildFile; fileRef = 2C4FFD931535F022001AD2FC /* tabbar-search@2x.png */; };
		2C5DF07915315F1D00F85C63 /* libRestKit.a in Frameworks */ = {isa = PBXBuildFile; fileRef = 2C5DF06E15315D4E00F85C63 /* libRestKit.a */; };
		2C5DF07B15315F4200F85C63 /* CoreData.framework in Frameworks */ = {isa = PBXBuildFile; fileRef = 2C5DF07A15315F4200F85C63 /* CoreData.framework */; };
		2C5DF07D15315F6700F85C63 /* libxml2.dylib in Frameworks */ = {isa = PBXBuildFile; fileRef = 2C5DF07C15315F6700F85C63 /* libxml2.dylib */; };
		2C5DF07F1531672E00F85C63 /* UIPlaceHolderTextView.m in Sources */ = {isa = PBXBuildFile; fileRef = 860EFA5A15301C9400F9540F /* UIPlaceHolderTextView.m */; };
		2CD4FE2C153525F400312D46 /* cities_US.json in Resources */ = {isa = PBXBuildFile; fileRef = 2CD4FE2B153525F400312D46 /* cities_US.json */; };
		2CDBC36E1535BB390015FCF1 /* CircleWhereMapViewControllerViewController.m in Sources */ = {isa = PBXBuildFile; fileRef = 2CDBC36D1535BB390015FCF1 /* CircleWhereMapViewControllerViewController.m */; };
		8605DB4C153844A6004FE9D1 /* CircleEventCategoryViewController.m in Sources */ = {isa = PBXBuildFile; fileRef = 8605DB4B153844A6004FE9D1 /* CircleEventCategoryViewController.m */; };
		860EFA35152FF8BA00F9540F /* profile.png in Resources */ = {isa = PBXBuildFile; fileRef = 860EFA33152FF8BA00F9540F /* profile.png */; };
		860EFA36152FF8BA00F9540F /* profile@2x.png in Resources */ = {isa = PBXBuildFile; fileRef = 860EFA34152FF8BA00F9540F /* profile@2x.png */; };
		860EFA39152FFE3500F9540F /* CircleNearbyViewController.m in Sources */ = {isa = PBXBuildFile; fileRef = 860EFA38152FFE3500F9540F /* CircleNearbyViewController.m */; };
		860EFA3F1530126400F9540F /* CircleCreateEventViewController.m in Sources */ = {isa = PBXBuildFile; fileRef = 860EFA3E1530126400F9540F /* CircleCreateEventViewController.m */; };
		860EFA421530133B00F9540F /* CircleMessagesViewController.m in Sources */ = {isa = PBXBuildFile; fileRef = 860EFA411530133B00F9540F /* CircleMessagesViewController.m */; };
		860EFA451530150100F9540F /* CircleSearchViewController.m in Sources */ = {isa = PBXBuildFile; fileRef = 860EFA441530150100F9540F /* CircleSearchViewController.m */; };
		860EFA47153019E900F9540F /* camera.png in Resources */ = {isa = PBXBuildFile; fileRef = 860EFA46153019E900F9540F /* camera.png */; };
		8613D470152EC6CE0002579B /* UIKit.framework in Frameworks */ = {isa = PBXBuildFile; fileRef = 8613D46F152EC6CE0002579B /* UIKit.framework */; };
		8613D472152EC6CE0002579B /* Foundation.framework in Frameworks */ = {isa = PBXBuildFile; fileRef = 8613D471152EC6CE0002579B /* Foundation.framework */; };
		8613D474152EC6CF0002579B /* CoreGraphics.framework in Frameworks */ = {isa = PBXBuildFile; fileRef = 8613D473152EC6CE0002579B /* CoreGraphics.framework */; };
		8613D47A152EC6CF0002579B /* InfoPlist.strings in Resources */ = {isa = PBXBuildFile; fileRef = 8613D478152EC6CF0002579B /* InfoPlist.strings */; };
		8613D47C152EC6CF0002579B /* main.m in Sources */ = {isa = PBXBuildFile; fileRef = 8613D47B152EC6CF0002579B /* main.m */; };
		8613D480152EC6CF0002579B /* CircleAppDelegate.m in Sources */ = {isa = PBXBuildFile; fileRef = 8613D47F152EC6CF0002579B /* CircleAppDelegate.m */; };
		8613D483152EC6CF0002579B /* MainStoryboard.storyboard in Resources */ = {isa = PBXBuildFile; fileRef = 8613D481152EC6CF0002579B /* MainStoryboard.storyboard */; };
		8613D48D152ECB9C0002579B /* Parse.framework in Frameworks */ = {isa = PBXBuildFile; fileRef = 8613D48C152ECB9C0002579B /* Parse.framework */; };
		8613D48F152ECCA20002579B /* AudioToolbox.framework in Frameworks */ = {isa = PBXBuildFile; fileRef = 8613D48E152ECCA20002579B /* AudioToolbox.framework */; };
		8613D491152ECCAB0002579B /* CFNetwork.framework in Frameworks */ = {isa = PBXBuildFile; fileRef = 8613D490152ECCAB0002579B /* CFNetwork.framework */; };
		8613D493152ECCB70002579B /* SystemConfiguration.framework in Frameworks */ = {isa = PBXBuildFile; fileRef = 8613D492152ECCB70002579B /* SystemConfiguration.framework */; };
		8613D495152ECCBD0002579B /* MobileCoreServices.framework in Frameworks */ = {isa = PBXBuildFile; fileRef = 8613D494152ECCBD0002579B /* MobileCoreServices.framework */; };
		8613D497152ECCCF0002579B /* libz.1.1.3.dylib in Frameworks */ = {isa = PBXBuildFile; fileRef = 8613D496152ECCCF0002579B /* libz.1.1.3.dylib */; };
		8613D499152ECCD40002579B /* Security.framework in Frameworks */ = {isa = PBXBuildFile; fileRef = 8613D498152ECCD40002579B /* Security.framework */; };
		8613D49B152ECCDC0002579B /* QuartzCore.framework in Frameworks */ = {isa = PBXBuildFile; fileRef = 8613D49A152ECCDC0002579B /* QuartzCore.framework */; };
		861FE0F915338AD800D3DA03 /* foursquareblue@2x.png in Resources */ = {isa = PBXBuildFile; fileRef = 861FE0F815338AD800D3DA03 /* foursquareblue@2x.png */; };
		861FE0FB15338D1400D3DA03 /* cameragray.png in Resources */ = {isa = PBXBuildFile; fileRef = 861FE0FA15338D1400D3DA03 /* cameragray.png */; };
		861FE0FE15338E6E00D3DA03 /* facebook@2x.png in Resources */ = {isa = PBXBuildFile; fileRef = 861FE0FC15338E6E00D3DA03 /* facebook@2x.png */; };
		861FE0FF15338E6E00D3DA03 /* foursquare@2x.png in Resources */ = {isa = PBXBuildFile; fileRef = 861FE0FD15338E6E00D3DA03 /* foursquare@2x.png */; };
		861FE1061533CA5C00D3DA03 /* cameragray-highlighted@2x.png in Resources */ = {isa = PBXBuildFile; fileRef = 861FE1031533CA5C00D3DA03 /* cameragray-highlighted@2x.png */; };
		861FE1071533CA5C00D3DA03 /* facebook-highlighted@2x.png in Resources */ = {isa = PBXBuildFile; fileRef = 861FE1041533CA5C00D3DA03 /* facebook-highlighted@2x.png */; };
		861FE1081533CA5C00D3DA03 /* foursquare-highlighted@2x.png in Resources */ = {isa = PBXBuildFile; fileRef = 861FE1051533CA5C00D3DA03 /* foursquare-highlighted@2x.png */; };
		861FE10B1533CC5F00D3DA03 /* green3.png in Resources */ = {isa = PBXBuildFile; fileRef = 861FE1091533CC5F00D3DA03 /* green3.png */; };
		861FE10C1533CC5F00D3DA03 /* green4.png in Resources */ = {isa = PBXBuildFile; fileRef = 861FE10A1533CC5F00D3DA03 /* green4.png */; };
		861FE10F1533CE5400D3DA03 /* darkorange.png in Resources */ = {isa = PBXBuildFile; fileRef = 861FE10D1533CE5400D3DA03 /* darkorange.png */; };
		861FE1101533CE5400D3DA03 /* orange.png in Resources */ = {isa = PBXBuildFile; fileRef = 861FE10E1533CE5400D3DA03 /* orange.png */; };
		861FE1141533D53F00D3DA03 /* cameragray-85@2x.png in Resources */ = {isa = PBXBuildFile; fileRef = 861FE1111533D53F00D3DA03 /* cameragray-85@2x.png */; };
		861FE1151533D53F00D3DA03 /* facebook-85@2x.png in Resources */ = {isa = PBXBuildFile; fileRef = 861FE1121533D53F00D3DA03 /* facebook-85@2x.png */; };
		861FE1161533D53F00D3DA03 /* foursquare-85@2x.png in Resources */ = {isa = PBXBuildFile; fileRef = 861FE1131533D53F00D3DA03 /* foursquare-85@2x.png */; };
		861FE1181533D7E000D3DA03 /* orangecheck.png in Resources */ = {isa = PBXBuildFile; fileRef = 861FE1171533D7E000D3DA03 /* orangecheck.png */; };
		861FE1341533FEBB00D3DA03 /* 37x-Checkmark.png in Resources */ = {isa = PBXBuildFile; fileRef = 861FE1321533FEBB00D3DA03 /* 37x-Checkmark.png */; };
		861FE1351533FEBB00D3DA03 /* 37x-Checkmark@2x.png in Resources */ = {isa = PBXBuildFile; fileRef = 861FE1331533FEBB00D3DA03 /* 37x-Checkmark@2x.png */; };
		861FE1451534135C00D3DA03 /* checkbutton.png in Resources */ = {isa = PBXBuildFile; fileRef = 861FE1431534135C00D3DA03 /* checkbutton.png */; };
		861FE1461534135C00D3DA03 /* checkbutton@2x.png in Resources */ = {isa = PBXBuildFile; fileRef = 861FE1441534135C00D3DA03 /* checkbutton@2x.png */; };
		861FE14B1534236900D3DA03 /* connectfacebook-pressed.png in Resources */ = {isa = PBXBuildFile; fileRef = 861FE1471534236900D3DA03 /* connectfacebook-pressed.png */; };
		861FE14C1534236900D3DA03 /* connectfacebook-pressed@2x.png in Resources */ = {isa = PBXBuildFile; fileRef = 861FE1481534236900D3DA03 /* connectfacebook-pressed@2x.png */; };
		861FE14D1534236900D3DA03 /* connectfacebook.png in Resources */ = {isa = PBXBuildFile; fileRef = 861FE1491534236900D3DA03 /* connectfacebook.png */; };
		861FE14E1534236900D3DA03 /* connectfacebook@2x.png in Resources */ = {isa = PBXBuildFile; fileRef = 861FE14A1534236900D3DA03 /* connectfacebook@2x.png */; };
		861FE15B153427D500D3DA03 /* signinfoursqare-pressed.png in Resources */ = {isa = PBXBuildFile; fileRef = 861FE157153427D500D3DA03 /* signinfoursqare-pressed.png */; };
		861FE15C153427D500D3DA03 /* signinfoursqare-pressed@2x.png in Resources */ = {isa = PBXBuildFile; fileRef = 861FE158153427D500D3DA03 /* signinfoursqare-pressed@2x.png */; };
		861FE15D153427D500D3DA03 /* signinfoursqare.png in Resources */ = {isa = PBXBuildFile; fileRef = 861FE159153427D500D3DA03 /* signinfoursqare.png */; };
		861FE15E153427D500D3DA03 /* signinfoursqare@2x.png in Resources */ = {isa = PBXBuildFile; fileRef = 861FE15A153427D500D3DA03 /* signinfoursqare@2x.png */; };
		861FE165153431D000D3DA03 /* CircleSignInViewController.m in Sources */ = {isa = PBXBuildFile; fileRef = 861FE164153431D000D3DA03 /* CircleSignInViewController.m */; };
		863C1EA41531875B0014DA1D /* CircleCheckInStoryboard.storyboard in Resources */ = {isa = PBXBuildFile; fileRef = 863C1EA31531875B0014DA1D /* CircleCheckInStoryboard.storyboard */; };
		863C1EA9153187AA0014DA1D /* CircleCheckInViewController.m in Sources */ = {isa = PBXBuildFile; fileRef = 863C1EA8153187AA0014DA1D /* CircleCheckInViewController.m */; };
		863C1EAC153189000014DA1D /* CircleMessagesStoryboard.storyboard in Resources */ = {isa = PBXBuildFile; fileRef = 863C1EAB153189000014DA1D /* CircleMessagesStoryboard.storyboard */; };
		863C1EAF153189700014DA1D /* CircleSearchStoryboard.storyboard in Resources */ = {isa = PBXBuildFile; fileRef = 863C1EAE153189700014DA1D /* CircleSearchStoryboard.storyboard */; };
		863C1EB215318A6F0014DA1D /* CircleNearbyStoryboard.storyboard in Resources */ = {isa = PBXBuildFile; fileRef = 863C1EB115318A6F0014DA1D /* CircleNearbyStoryboard.storyboard */; };
		863C1EB515318B2D0014DA1D /* CircleAuthStoryboard.storyboard in Resources */ = {isa = PBXBuildFile; fileRef = 863C1EB415318B2D0014DA1D /* CircleAuthStoryboard.storyboard */; };
		863C1EBF153190170014DA1D /* CircleMainViewController.m in Sources */ = {isa = PBXBuildFile; fileRef = 863C1EBE153190160014DA1D /* CircleMainViewController.m */; };
		868CDBCD15343FF5000058F3 /* CircleSignUpViewController.m in Sources */ = {isa = PBXBuildFile; fileRef = 868CDBCC15343FF5000058F3 /* CircleSignUpViewController.m */; };
		868CDBD015344CBA000058F3 /* camerawhite.png in Resources */ = {isa = PBXBuildFile; fileRef = 868CDBCE15344CBA000058F3 /* camerawhite.png */; };
		868CDBD115344CBA000058F3 /* camerawhite@2x.png in Resources */ = {isa = PBXBuildFile; fileRef = 868CDBCF15344CBA000058F3 /* camerawhite@2x.png */; };
		8693FE7B1532D7E9007D7B17 /* facebookblue@2x.png in Resources */ = {isa = PBXBuildFile; fileRef = 8693FE771532D7E9007D7B17 /* facebookblue@2x.png */; };
		86E0EEDE1531B02A00C5C4F0 /* LocationSingleton.m in Sources */ = {isa = PBXBuildFile; fileRef = 86E0EEDD1531B02A00C5C4F0 /* LocationSingleton.m */; };
		86E0EEE01531B0B600C5C4F0 /* CoreLocation.framework in Frameworks */ = {isa = PBXBuildFile; fileRef = 86E0EEDF1531B0B600C5C4F0 /* CoreLocation.framework */; };
		86E0EEE31531C79A00C5C4F0 /* CircleChooseCheckInLocationViewController.m in Sources */ = {isa = PBXBuildFile; fileRef = 86E0EEE21531C79A00C5C4F0 /* CircleChooseCheckInLocationViewController.m */; };
		9C8906D11536B39F00311526 /* CircleSearchEventTableViewController.m in Sources */ = {isa = PBXBuildFile; fileRef = 9C8906C51536B39F00311526 /* CircleSearchEventTableViewController.m */; };
		9C8906D41536B39F00311526 /* CircleSelectCategoryTableViewController.m in Sources */ = {isa = PBXBuildFile; fileRef = 9C8906CA1536B39F00311526 /* CircleSelectCategoryTableViewController.m */; };
		9CB87FF81537E94B006F06D8 /* CircleSelectDateViewController.m in Sources */ = {isa = PBXBuildFile; fileRef = 9CB87FF71537E94A006F06D8 /* CircleSelectDateViewController.m */; };
		9CB87FFC1537FB02006F06D8 /* CircleSelectLocationViewController.m in Sources */ = {isa = PBXBuildFile; fileRef = 9CB87FFB1537FB02006F06D8 /* CircleSelectLocationViewController.m */; };
		9CB87FFF1538079A006F06D8 /* CircleSearchResultsTableViewController.m in Sources */ = {isa = PBXBuildFile; fileRef = 9CB87FFE1538079A006F06D8 /* CircleSearchResultsTableViewController.m */; };
		9CB8802815381245006F06D8 /* GooglePlacesConnection.m in Sources */ = {isa = PBXBuildFile; fileRef = 9CB8800615381244006F06D8 /* GooglePlacesConnection.m */; };
		9CB8802915381245006F06D8 /* GooglePlacesObject.m in Sources */ = {isa = PBXBuildFile; fileRef = 9CB8800815381244006F06D8 /* GooglePlacesObject.m */; };
		9CB8802A15381245006F06D8 /* GTMNSString+URLArguments.m in Sources */ = {isa = PBXBuildFile; fileRef = 9CB8800D15381245006F06D8 /* GTMNSString+URLArguments.m */; };
		9CB8802B15381245006F06D8 /* NSObject+SBJson.m in Sources */ = {isa = PBXBuildFile; fileRef = 9CB8801015381245006F06D8 /* NSObject+SBJson.m */; };
		9CB8802C15381245006F06D8 /* SBJsonParser.m in Sources */ = {isa = PBXBuildFile; fileRef = 9CB8801315381245006F06D8 /* SBJsonParser.m */; };
		9CB8802D15381245006F06D8 /* SBJsonStreamParser.m in Sources */ = {isa = PBXBuildFile; fileRef = 9CB8801515381245006F06D8 /* SBJsonStreamParser.m */; };
		9CB8802E15381245006F06D8 /* SBJsonStreamParserAccumulator.m in Sources */ = {isa = PBXBuildFile; fileRef = 9CB8801715381245006F06D8 /* SBJsonStreamParserAccumulator.m */; };
		9CB8802F15381245006F06D8 /* SBJsonStreamParserAdapter.m in Sources */ = {isa = PBXBuildFile; fileRef = 9CB8801915381245006F06D8 /* SBJsonStreamParserAdapter.m */; };
		9CB8803015381245006F06D8 /* SBJsonStreamParserState.m in Sources */ = {isa = PBXBuildFile; fileRef = 9CB8801B15381245006F06D8 /* SBJsonStreamParserState.m */; };
		9CB8803115381245006F06D8 /* SBJsonStreamWriter.m in Sources */ = {isa = PBXBuildFile; fileRef = 9CB8801D15381245006F06D8 /* SBJsonStreamWriter.m */; };
		9CB8803215381245006F06D8 /* SBJsonStreamWriterAccumulator.m in Sources */ = {isa = PBXBuildFile; fileRef = 9CB8801F15381245006F06D8 /* SBJsonStreamWriterAccumulator.m */; };
		9CB8803315381245006F06D8 /* SBJsonStreamWriterState.m in Sources */ = {isa = PBXBuildFile; fileRef = 9CB8802115381245006F06D8 /* SBJsonStreamWriterState.m */; };
		9CB8803415381245006F06D8 /* SBJsonTokeniser.m in Sources */ = {isa = PBXBuildFile; fileRef = 9CB8802315381245006F06D8 /* SBJsonTokeniser.m */; };
		9CB8803515381245006F06D8 /* SBJsonUTF8Stream.m in Sources */ = {isa = PBXBuildFile; fileRef = 9CB8802515381245006F06D8 /* SBJsonUTF8Stream.m */; };
		9CB8803615381245006F06D8 /* SBJsonWriter.m in Sources */ = {isa = PBXBuildFile; fileRef = 9CB8802715381245006F06D8 /* SBJsonWriter.m */; };
/* End PBXBuildFile section */

/* Begin PBXContainerItemProxy section */
		2C5DF06D15315D4E00F85C63 /* PBXContainerItemProxy */ = {
			isa = PBXContainerItemProxy;
			containerPortal = 2C5DF06215315D4D00F85C63 /* RestKit.xcodeproj */;
			proxyType = 2;
			remoteGlobalIDString = 25160D1614564E810060A5C5;
			remoteInfo = RestKit;
		};
		2C5DF06F15315D4E00F85C63 /* PBXContainerItemProxy */ = {
			isa = PBXContainerItemProxy;
			containerPortal = 2C5DF06215315D4D00F85C63 /* RestKit.xcodeproj */;
			proxyType = 2;
			remoteGlobalIDString = 25160D2614564E820060A5C5;
			remoteInfo = RestKitTests;
		};
		2C5DF07115315D4E00F85C63 /* PBXContainerItemProxy */ = {
			isa = PBXContainerItemProxy;
			containerPortal = 2C5DF06215315D4D00F85C63 /* RestKit.xcodeproj */;
			proxyType = 2;
			remoteGlobalIDString = 25160E62145651060060A5C5;
			remoteInfo = RestKitFramework;
		};
		2C5DF07315315D4E00F85C63 /* PBXContainerItemProxy */ = {
			isa = PBXContainerItemProxy;
			containerPortal = 2C5DF06215315D4D00F85C63 /* RestKit.xcodeproj */;
			proxyType = 2;
			remoteGlobalIDString = 25160E78145651060060A5C5;
			remoteInfo = RestKitFrameworkTests;
		};
		2C5DF07515315D4E00F85C63 /* PBXContainerItemProxy */ = {
			isa = PBXContainerItemProxy;
			containerPortal = 2C5DF06215315D4D00F85C63 /* RestKit.xcodeproj */;
			proxyType = 2;
			remoteGlobalIDString = 259C301615128079003066A2;
			remoteInfo = RestKitResources;
		};
		2C5DF07715315EDD00F85C63 /* PBXContainerItemProxy */ = {
			isa = PBXContainerItemProxy;
			containerPortal = 2C5DF06215315D4D00F85C63 /* RestKit.xcodeproj */;
			proxyType = 1;
			remoteGlobalIDString = 25160E61145651060060A5C5;
			remoteInfo = RestKitFramework;
		};
/* End PBXContainerItemProxy section */

/* Begin PBXFileReference section */
		2C113F4C1532C66200F48BB1 /* CircleCreateEventStoryboard.storyboard */ = {isa = PBXFileReference; fileEncoding = 4; lastKnownFileType = file.storyboard; path = CircleCreateEventStoryboard.storyboard; sourceTree = "<group>"; };
		2C113F501532C8B000F48BB1 /* CircleNameDetailsTableViewController.h */ = {isa = PBXFileReference; lastKnownFileType = sourcecode.c.h; path = CircleNameDetailsTableViewController.h; sourceTree = "<group>"; };
		2C113F511532C8B000F48BB1 /* CircleNameDetailsTableViewController.m */ = {isa = PBXFileReference; lastKnownFileType = sourcecode.c.objc; path = CircleNameDetailsTableViewController.m; sourceTree = "<group>"; };
		2C113F531532C98800F48BB1 /* CircleWhereTableViewController.h */ = {isa = PBXFileReference; fileEncoding = 4; lastKnownFileType = sourcecode.c.h; path = CircleWhereTableViewController.h; sourceTree = "<group>"; };
		2C113F541532C98800F48BB1 /* CircleWhereTableViewController.m */ = {isa = PBXFileReference; fileEncoding = 4; lastKnownFileType = sourcecode.c.objc; path = CircleWhereTableViewController.m; sourceTree = "<group>"; };
		2C113F561532C9CD00F48BB1 /* CircleWhenTableViewController.h */ = {isa = PBXFileReference; fileEncoding = 4; lastKnownFileType = sourcecode.c.h; path = CircleWhenTableViewController.h; sourceTree = "<group>"; };
		2C113F571532C9CD00F48BB1 /* CircleWhenTableViewController.m */ = {isa = PBXFileReference; fileEncoding = 4; lastKnownFileType = sourcecode.c.objc; path = CircleWhenTableViewController.m; sourceTree = "<group>"; };
		2C113F591532CB1100F48BB1 /* CircleOverviewSaveTableViewController.h */ = {isa = PBXFileReference; fileEncoding = 4; lastKnownFileType = sourcecode.c.h; path = CircleOverviewSaveTableViewController.h; sourceTree = "<group>"; };
		2C113F5A1532CB1100F48BB1 /* CircleOverviewSaveTableViewController.m */ = {isa = PBXFileReference; fileEncoding = 4; lastKnownFileType = sourcecode.c.objc; path = CircleOverviewSaveTableViewController.m; sourceTree = "<group>"; };
		2C4FFD851535EBE0001AD2FC /* tabbar-checkin@2x.png */ = {isa = PBXFileReference; lastKnownFileType = image.png; path = "tabbar-checkin@2x.png"; sourceTree = "<group>"; };
		2C4FFD871535EC91001AD2FC /* tabbar-checkin.png */ = {isa = PBXFileReference; lastKnownFileType = image.png; path = "tabbar-checkin.png"; sourceTree = "<group>"; };
		2C4FFD8A1535F022001AD2FC /* tabbar-checkin.png */ = {isa = PBXFileReference; lastKnownFileType = image.png; path = "tabbar-checkin.png"; sourceTree = "<group>"; };
		2C4FFD8B1535F022001AD2FC /* tabbar-checkin@2x.png */ = {isa = PBXFileReference; lastKnownFileType = image.png; path = "tabbar-checkin@2x.png"; sourceTree = "<group>"; };
		2C4FFD8C1535F022001AD2FC /* tabbar-messages.png */ = {isa = PBXFileReference; lastKnownFileType = image.png; path = "tabbar-messages.png"; sourceTree = "<group>"; };
		2C4FFD8D1535F022001AD2FC /* tabbar-messages@2x.png */ = {isa = PBXFileReference; lastKnownFileType = image.png; path = "tabbar-messages@2x.png"; sourceTree = "<group>"; };
		2C4FFD8E1535F022001AD2FC /* tabbar-nearby.png */ = {isa = PBXFileReference; lastKnownFileType = image.png; path = "tabbar-nearby.png"; sourceTree = "<group>"; };
		2C4FFD8F1535F022001AD2FC /* tabbar-nearby@2x.png */ = {isa = PBXFileReference; lastKnownFileType = image.png; path = "tabbar-nearby@2x.png"; sourceTree = "<group>"; };
		2C4FFD901535F022001AD2FC /* tabbar-new-event.png */ = {isa = PBXFileReference; lastKnownFileType = image.png; path = "tabbar-new-event.png"; sourceTree = "<group>"; };
		2C4FFD911535F022001AD2FC /* tabbar-new-event@2x.png */ = {isa = PBXFileReference; lastKnownFileType = image.png; path = "tabbar-new-event@2x.png"; sourceTree = "<group>"; };
		2C4FFD921535F022001AD2FC /* tabbar-search.png */ = {isa = PBXFileReference; lastKnownFileType = image.png; path = "tabbar-search.png"; sourceTree = "<group>"; };
		2C4FFD931535F022001AD2FC /* tabbar-search@2x.png */ = {isa = PBXFileReference; lastKnownFileType = image.png; path = "tabbar-search@2x.png"; sourceTree = "<group>"; };
		2C5DF06215315D4D00F85C63 /* RestKit.xcodeproj */ = {isa = PBXFileReference; lastKnownFileType = "wrapper.pb-project"; name = RestKit.xcodeproj; path = RestKit/RestKit.xcodeproj; sourceTree = "<group>"; };
		2C5DF07A15315F4200F85C63 /* CoreData.framework */ = {isa = PBXFileReference; lastKnownFileType = wrapper.framework; name = CoreData.framework; path = System/Library/Frameworks/CoreData.framework; sourceTree = SDKROOT; };
		2C5DF07C15315F6700F85C63 /* libxml2.dylib */ = {isa = PBXFileReference; lastKnownFileType = "compiled.mach-o.dylib"; name = libxml2.dylib; path = usr/lib/libxml2.dylib; sourceTree = SDKROOT; };
		2C5DF07E1531607700F85C63 /* CircleConstants.h */ = {isa = PBXFileReference; fileEncoding = 4; lastKnownFileType = sourcecode.c.h; path = CircleConstants.h; sourceTree = "<group>"; };
		2CD4FE2B153525F400312D46 /* cities_US.json */ = {isa = PBXFileReference; fileEncoding = 4; lastKnownFileType = text.json; path = cities_US.json; sourceTree = "<group>"; };
		2CDBC36C1535BB390015FCF1 /* CircleWhereMapViewControllerViewController.h */ = {isa = PBXFileReference; fileEncoding = 4; lastKnownFileType = sourcecode.c.h; path = CircleWhereMapViewControllerViewController.h; sourceTree = "<group>"; };
		2CDBC36D1535BB390015FCF1 /* CircleWhereMapViewControllerViewController.m */ = {isa = PBXFileReference; fileEncoding = 4; lastKnownFileType = sourcecode.c.objc; path = CircleWhereMapViewControllerViewController.m; sourceTree = "<group>"; };
		8605DB4A153844A6004FE9D1 /* CircleEventCategoryViewController.h */ = {isa = PBXFileReference; fileEncoding = 4; lastKnownFileType = sourcecode.c.h; path = CircleEventCategoryViewController.h; sourceTree = SOURCE_ROOT; };
		8605DB4B153844A6004FE9D1 /* CircleEventCategoryViewController.m */ = {isa = PBXFileReference; fileEncoding = 4; lastKnownFileType = sourcecode.c.objc; path = CircleEventCategoryViewController.m; sourceTree = SOURCE_ROOT; };
		860EFA33152FF8BA00F9540F /* profile.png */ = {isa = PBXFileReference; lastKnownFileType = image.png; path = profile.png; sourceTree = "<group>"; };
		860EFA34152FF8BA00F9540F /* profile@2x.png */ = {isa = PBXFileReference; lastKnownFileType = image.png; path = "profile@2x.png"; sourceTree = "<group>"; };
		860EFA37152FFE3500F9540F /* CircleNearbyViewController.h */ = {isa = PBXFileReference; fileEncoding = 4; lastKnownFileType = sourcecode.c.h; path = CircleNearbyViewController.h; sourceTree = "<group>"; };
		860EFA38152FFE3500F9540F /* CircleNearbyViewController.m */ = {isa = PBXFileReference; fileEncoding = 4; lastKnownFileType = sourcecode.c.objc; path = CircleNearbyViewController.m; sourceTree = "<group>"; };
		860EFA3D1530126400F9540F /* CircleCreateEventViewController.h */ = {isa = PBXFileReference; fileEncoding = 4; lastKnownFileType = sourcecode.c.h; path = CircleCreateEventViewController.h; sourceTree = "<group>"; };
		860EFA3E1530126400F9540F /* CircleCreateEventViewController.m */ = {isa = PBXFileReference; fileEncoding = 4; lastKnownFileType = sourcecode.c.objc; path = CircleCreateEventViewController.m; sourceTree = "<group>"; };
		860EFA401530133B00F9540F /* CircleMessagesViewController.h */ = {isa = PBXFileReference; fileEncoding = 4; lastKnownFileType = sourcecode.c.h; path = CircleMessagesViewController.h; sourceTree = "<group>"; };
		860EFA411530133B00F9540F /* CircleMessagesViewController.m */ = {isa = PBXFileReference; fileEncoding = 4; lastKnownFileType = sourcecode.c.objc; path = CircleMessagesViewController.m; sourceTree = "<group>"; };
		860EFA431530150100F9540F /* CircleSearchViewController.h */ = {isa = PBXFileReference; fileEncoding = 4; lastKnownFileType = sourcecode.c.h; path = CircleSearchViewController.h; sourceTree = "<group>"; };
		860EFA441530150100F9540F /* CircleSearchViewController.m */ = {isa = PBXFileReference; fileEncoding = 4; lastKnownFileType = sourcecode.c.objc; path = CircleSearchViewController.m; sourceTree = "<group>"; };
		860EFA46153019E900F9540F /* camera.png */ = {isa = PBXFileReference; lastKnownFileType = image.png; path = camera.png; sourceTree = "<group>"; };
		860EFA5915301C9400F9540F /* UIPlaceHolderTextView.h */ = {isa = PBXFileReference; lastKnownFileType = sourcecode.c.h; path = UIPlaceHolderTextView.h; sourceTree = "<group>"; };
		860EFA5A15301C9400F9540F /* UIPlaceHolderTextView.m */ = {isa = PBXFileReference; lastKnownFileType = sourcecode.c.objc; path = UIPlaceHolderTextView.m; sourceTree = "<group>"; };
		8613D46B152EC6CE0002579B /* Circle.app */ = {isa = PBXFileReference; explicitFileType = wrapper.application; includeInIndex = 0; path = Circle.app; sourceTree = BUILT_PRODUCTS_DIR; };
		8613D46F152EC6CE0002579B /* UIKit.framework */ = {isa = PBXFileReference; lastKnownFileType = wrapper.framework; name = UIKit.framework; path = System/Library/Frameworks/UIKit.framework; sourceTree = SDKROOT; };
		8613D471152EC6CE0002579B /* Foundation.framework */ = {isa = PBXFileReference; lastKnownFileType = wrapper.framework; name = Foundation.framework; path = System/Library/Frameworks/Foundation.framework; sourceTree = SDKROOT; };
		8613D473152EC6CE0002579B /* CoreGraphics.framework */ = {isa = PBXFileReference; lastKnownFileType = wrapper.framework; name = CoreGraphics.framework; path = System/Library/Frameworks/CoreGraphics.framework; sourceTree = SDKROOT; };
		8613D477152EC6CF0002579B /* Circle-Info.plist */ = {isa = PBXFileReference; lastKnownFileType = text.plist.xml; path = "Circle-Info.plist"; sourceTree = "<group>"; };
		8613D479152EC6CF0002579B /* en */ = {isa = PBXFileReference; lastKnownFileType = text.plist.strings; name = en; path = en.lproj/InfoPlist.strings; sourceTree = "<group>"; };
		8613D47B152EC6CF0002579B /* main.m */ = {isa = PBXFileReference; lastKnownFileType = sourcecode.c.objc; path = main.m; sourceTree = "<group>"; };
		8613D47D152EC6CF0002579B /* Circle-Prefix.pch */ = {isa = PBXFileReference; lastKnownFileType = sourcecode.c.h; path = "Circle-Prefix.pch"; sourceTree = "<group>"; };
		8613D47E152EC6CF0002579B /* CircleAppDelegate.h */ = {isa = PBXFileReference; lastKnownFileType = sourcecode.c.h; path = CircleAppDelegate.h; sourceTree = "<group>"; };
		8613D47F152EC6CF0002579B /* CircleAppDelegate.m */ = {isa = PBXFileReference; lastKnownFileType = sourcecode.c.objc; path = CircleAppDelegate.m; sourceTree = "<group>"; };
		8613D482152EC6CF0002579B /* en */ = {isa = PBXFileReference; lastKnownFileType = file.storyboard; name = en; path = en.lproj/MainStoryboard.storyboard; sourceTree = "<group>"; };
		8613D48C152ECB9C0002579B /* Parse.framework */ = {isa = PBXFileReference; lastKnownFileType = wrapper.framework; path = Parse.framework; sourceTree = "<group>"; };
		8613D48E152ECCA20002579B /* AudioToolbox.framework */ = {isa = PBXFileReference; lastKnownFileType = wrapper.framework; name = AudioToolbox.framework; path = System/Library/Frameworks/AudioToolbox.framework; sourceTree = SDKROOT; };
		8613D490152ECCAB0002579B /* CFNetwork.framework */ = {isa = PBXFileReference; lastKnownFileType = wrapper.framework; name = CFNetwork.framework; path = System/Library/Frameworks/CFNetwork.framework; sourceTree = SDKROOT; };
		8613D492152ECCB70002579B /* SystemConfiguration.framework */ = {isa = PBXFileReference; lastKnownFileType = wrapper.framework; name = SystemConfiguration.framework; path = System/Library/Frameworks/SystemConfiguration.framework; sourceTree = SDKROOT; };
		8613D494152ECCBD0002579B /* MobileCoreServices.framework */ = {isa = PBXFileReference; lastKnownFileType = wrapper.framework; name = MobileCoreServices.framework; path = System/Library/Frameworks/MobileCoreServices.framework; sourceTree = SDKROOT; };
		8613D496152ECCCF0002579B /* libz.1.1.3.dylib */ = {isa = PBXFileReference; lastKnownFileType = "compiled.mach-o.dylib"; name = libz.1.1.3.dylib; path = usr/lib/libz.1.1.3.dylib; sourceTree = SDKROOT; };
		8613D498152ECCD40002579B /* Security.framework */ = {isa = PBXFileReference; lastKnownFileType = wrapper.framework; name = Security.framework; path = System/Library/Frameworks/Security.framework; sourceTree = SDKROOT; };
		8613D49A152ECCDC0002579B /* QuartzCore.framework */ = {isa = PBXFileReference; lastKnownFileType = wrapper.framework; name = QuartzCore.framework; path = System/Library/Frameworks/QuartzCore.framework; sourceTree = SDKROOT; };
		861FE0F815338AD800D3DA03 /* foursquareblue@2x.png */ = {isa = PBXFileReference; lastKnownFileType = image.png; path = "foursquareblue@2x.png"; sourceTree = "<group>"; };
		861FE0FA15338D1400D3DA03 /* cameragray.png */ = {isa = PBXFileReference; lastKnownFileType = image.png; path = cameragray.png; sourceTree = "<group>"; };
		861FE0FC15338E6E00D3DA03 /* facebook@2x.png */ = {isa = PBXFileReference; lastKnownFileType = image.png; path = "facebook@2x.png"; sourceTree = "<group>"; };
		861FE0FD15338E6E00D3DA03 /* foursquare@2x.png */ = {isa = PBXFileReference; lastKnownFileType = image.png; path = "foursquare@2x.png"; sourceTree = "<group>"; };
		861FE1031533CA5C00D3DA03 /* cameragray-highlighted@2x.png */ = {isa = PBXFileReference; lastKnownFileType = image.png; path = "cameragray-highlighted@2x.png"; sourceTree = "<group>"; };
		861FE1041533CA5C00D3DA03 /* facebook-highlighted@2x.png */ = {isa = PBXFileReference; lastKnownFileType = image.png; path = "facebook-highlighted@2x.png"; sourceTree = "<group>"; };
		861FE1051533CA5C00D3DA03 /* foursquare-highlighted@2x.png */ = {isa = PBXFileReference; lastKnownFileType = image.png; path = "foursquare-highlighted@2x.png"; sourceTree = "<group>"; };
		861FE1091533CC5F00D3DA03 /* green3.png */ = {isa = PBXFileReference; lastKnownFileType = image.png; path = green3.png; sourceTree = "<group>"; };
		861FE10A1533CC5F00D3DA03 /* green4.png */ = {isa = PBXFileReference; lastKnownFileType = image.png; path = green4.png; sourceTree = "<group>"; };
		861FE10D1533CE5400D3DA03 /* darkorange.png */ = {isa = PBXFileReference; lastKnownFileType = image.png; path = darkorange.png; sourceTree = "<group>"; };
		861FE10E1533CE5400D3DA03 /* orange.png */ = {isa = PBXFileReference; lastKnownFileType = image.png; path = orange.png; sourceTree = "<group>"; };
		861FE1111533D53F00D3DA03 /* cameragray-85@2x.png */ = {isa = PBXFileReference; lastKnownFileType = image.png; path = "cameragray-85@2x.png"; sourceTree = "<group>"; };
		861FE1121533D53F00D3DA03 /* facebook-85@2x.png */ = {isa = PBXFileReference; lastKnownFileType = image.png; path = "facebook-85@2x.png"; sourceTree = "<group>"; };
		861FE1131533D53F00D3DA03 /* foursquare-85@2x.png */ = {isa = PBXFileReference; lastKnownFileType = image.png; path = "foursquare-85@2x.png"; sourceTree = "<group>"; };
		861FE1171533D7E000D3DA03 /* orangecheck.png */ = {isa = PBXFileReference; lastKnownFileType = image.png; path = orangecheck.png; sourceTree = "<group>"; };
		861FE1321533FEBB00D3DA03 /* 37x-Checkmark.png */ = {isa = PBXFileReference; lastKnownFileType = image.png; path = "37x-Checkmark.png"; sourceTree = "<group>"; };
		861FE1331533FEBB00D3DA03 /* 37x-Checkmark@2x.png */ = {isa = PBXFileReference; lastKnownFileType = image.png; path = "37x-Checkmark@2x.png"; sourceTree = "<group>"; };
		861FE1431534135C00D3DA03 /* checkbutton.png */ = {isa = PBXFileReference; lastKnownFileType = image.png; path = checkbutton.png; sourceTree = "<group>"; };
		861FE1441534135C00D3DA03 /* checkbutton@2x.png */ = {isa = PBXFileReference; lastKnownFileType = image.png; path = "checkbutton@2x.png"; sourceTree = "<group>"; };
		861FE1471534236900D3DA03 /* connectfacebook-pressed.png */ = {isa = PBXFileReference; lastKnownFileType = image.png; path = "connectfacebook-pressed.png"; sourceTree = "<group>"; };
		861FE1481534236900D3DA03 /* connectfacebook-pressed@2x.png */ = {isa = PBXFileReference; lastKnownFileType = image.png; path = "connectfacebook-pressed@2x.png"; sourceTree = "<group>"; };
		861FE1491534236900D3DA03 /* connectfacebook.png */ = {isa = PBXFileReference; lastKnownFileType = image.png; path = connectfacebook.png; sourceTree = "<group>"; };
		861FE14A1534236900D3DA03 /* connectfacebook@2x.png */ = {isa = PBXFileReference; lastKnownFileType = image.png; path = "connectfacebook@2x.png"; sourceTree = "<group>"; };
		861FE157153427D500D3DA03 /* signinfoursqare-pressed.png */ = {isa = PBXFileReference; lastKnownFileType = image.png; path = "signinfoursqare-pressed.png"; sourceTree = "<group>"; };
		861FE158153427D500D3DA03 /* signinfoursqare-pressed@2x.png */ = {isa = PBXFileReference; lastKnownFileType = image.png; path = "signinfoursqare-pressed@2x.png"; sourceTree = "<group>"; };
		861FE159153427D500D3DA03 /* signinfoursqare.png */ = {isa = PBXFileReference; lastKnownFileType = image.png; path = signinfoursqare.png; sourceTree = "<group>"; };
		861FE15A153427D500D3DA03 /* signinfoursqare@2x.png */ = {isa = PBXFileReference; lastKnownFileType = image.png; path = "signinfoursqare@2x.png"; sourceTree = "<group>"; };
		861FE163153431D000D3DA03 /* CircleSignInViewController.h */ = {isa = PBXFileReference; fileEncoding = 4; lastKnownFileType = sourcecode.c.h; path = CircleSignInViewController.h; sourceTree = "<group>"; };
		861FE164153431D000D3DA03 /* CircleSignInViewController.m */ = {isa = PBXFileReference; fileEncoding = 4; lastKnownFileType = sourcecode.c.objc; path = CircleSignInViewController.m; sourceTree = "<group>"; };
		863C1EA31531875B0014DA1D /* CircleCheckInStoryboard.storyboard */ = {isa = PBXFileReference; fileEncoding = 4; lastKnownFileType = file.storyboard; path = CircleCheckInStoryboard.storyboard; sourceTree = "<group>"; };
		863C1EA7153187AA0014DA1D /* CircleCheckInViewController.h */ = {isa = PBXFileReference; fileEncoding = 4; lastKnownFileType = sourcecode.c.h; path = CircleCheckInViewController.h; sourceTree = "<group>"; };
		863C1EA8153187AA0014DA1D /* CircleCheckInViewController.m */ = {isa = PBXFileReference; fileEncoding = 4; lastKnownFileType = sourcecode.c.objc; path = CircleCheckInViewController.m; sourceTree = "<group>"; };
		863C1EAB153189000014DA1D /* CircleMessagesStoryboard.storyboard */ = {isa = PBXFileReference; fileEncoding = 4; lastKnownFileType = file.storyboard; path = CircleMessagesStoryboard.storyboard; sourceTree = "<group>"; };
		863C1EAE153189700014DA1D /* CircleSearchStoryboard.storyboard */ = {isa = PBXFileReference; fileEncoding = 4; lastKnownFileType = file.storyboard; path = CircleSearchStoryboard.storyboard; sourceTree = "<group>"; };
		863C1EB115318A6F0014DA1D /* CircleNearbyStoryboard.storyboard */ = {isa = PBXFileReference; fileEncoding = 4; lastKnownFileType = file.storyboard; path = CircleNearbyStoryboard.storyboard; sourceTree = "<group>"; };
		863C1EB415318B2D0014DA1D /* CircleAuthStoryboard.storyboard */ = {isa = PBXFileReference; fileEncoding = 4; lastKnownFileType = file.storyboard; path = CircleAuthStoryboard.storyboard; sourceTree = "<group>"; };
		863C1EBD153190160014DA1D /* CircleMainViewController.h */ = {isa = PBXFileReference; fileEncoding = 4; lastKnownFileType = sourcecode.c.h; path = CircleMainViewController.h; sourceTree = SOURCE_ROOT; };
		863C1EBE153190160014DA1D /* CircleMainViewController.m */ = {isa = PBXFileReference; fileEncoding = 4; lastKnownFileType = sourcecode.c.objc; path = CircleMainViewController.m; sourceTree = SOURCE_ROOT; };
		868CDBCB15343FF5000058F3 /* CircleSignUpViewController.h */ = {isa = PBXFileReference; fileEncoding = 4; lastKnownFileType = sourcecode.c.h; path = CircleSignUpViewController.h; sourceTree = "<group>"; };
		868CDBCC15343FF5000058F3 /* CircleSignUpViewController.m */ = {isa = PBXFileReference; fileEncoding = 4; lastKnownFileType = sourcecode.c.objc; path = CircleSignUpViewController.m; sourceTree = "<group>"; };
		868CDBCE15344CBA000058F3 /* camerawhite.png */ = {isa = PBXFileReference; lastKnownFileType = image.png; path = camerawhite.png; sourceTree = "<group>"; };
		868CDBCF15344CBA000058F3 /* camerawhite@2x.png */ = {isa = PBXFileReference; lastKnownFileType = image.png; path = "camerawhite@2x.png"; sourceTree = "<group>"; };
		8693FE771532D7E9007D7B17 /* facebookblue@2x.png */ = {isa = PBXFileReference; lastKnownFileType = image.png; path = "facebookblue@2x.png"; sourceTree = "<group>"; };
		86E0EEDC1531B02A00C5C4F0 /* LocationSingleton.h */ = {isa = PBXFileReference; fileEncoding = 4; lastKnownFileType = sourcecode.c.h; path = LocationSingleton.h; sourceTree = "<group>"; };
		86E0EEDD1531B02A00C5C4F0 /* LocationSingleton.m */ = {isa = PBXFileReference; fileEncoding = 4; lastKnownFileType = sourcecode.c.objc; path = LocationSingleton.m; sourceTree = "<group>"; };
		86E0EEDF1531B0B600C5C4F0 /* CoreLocation.framework */ = {isa = PBXFileReference; lastKnownFileType = wrapper.framework; name = CoreLocation.framework; path = System/Library/Frameworks/CoreLocation.framework; sourceTree = SDKROOT; };
		86E0EEE11531C79A00C5C4F0 /* CircleChooseCheckInLocationViewController.h */ = {isa = PBXFileReference; fileEncoding = 4; lastKnownFileType = sourcecode.c.h; path = CircleChooseCheckInLocationViewController.h; sourceTree = "<group>"; };
		86E0EEE21531C79A00C5C4F0 /* CircleChooseCheckInLocationViewController.m */ = {isa = PBXFileReference; fileEncoding = 4; lastKnownFileType = sourcecode.c.objc; path = CircleChooseCheckInLocationViewController.m; sourceTree = "<group>"; };
		9C8906C41536B39F00311526 /* CircleSearchEventTableViewController.h */ = {isa = PBXFileReference; fileEncoding = 4; lastKnownFileType = sourcecode.c.h; path = CircleSearchEventTableViewController.h; sourceTree = "<group>"; };
		9C8906C51536B39F00311526 /* CircleSearchEventTableViewController.m */ = {isa = PBXFileReference; fileEncoding = 4; lastKnownFileType = sourcecode.c.objc; path = CircleSearchEventTableViewController.m; sourceTree = "<group>"; };
		9C8906C91536B39F00311526 /* CircleSelectCategoryTableViewController.h */ = {isa = PBXFileReference; fileEncoding = 4; lastKnownFileType = sourcecode.c.h; path = CircleSelectCategoryTableViewController.h; sourceTree = "<group>"; };
		9C8906CA1536B39F00311526 /* CircleSelectCategoryTableViewController.m */ = {isa = PBXFileReference; fileEncoding = 4; lastKnownFileType = sourcecode.c.objc; path = CircleSelectCategoryTableViewController.m; sourceTree = "<group>"; };
		9CB87FF61537E94A006F06D8 /* CircleSelectDateViewController.h */ = {isa = PBXFileReference; fileEncoding = 4; lastKnownFileType = sourcecode.c.h; path = CircleSelectDateViewController.h; sourceTree = "<group>"; };
		9CB87FF71537E94A006F06D8 /* CircleSelectDateViewController.m */ = {isa = PBXFileReference; fileEncoding = 4; lastKnownFileType = sourcecode.c.objc; path = CircleSelectDateViewController.m; sourceTree = "<group>"; };
		9CB87FFA1537FB01006F06D8 /* CircleSelectLocationViewController.h */ = {isa = PBXFileReference; fileEncoding = 4; lastKnownFileType = sourcecode.c.h; path = CircleSelectLocationViewController.h; sourceTree = "<group>"; };
		9CB87FFB1537FB02006F06D8 /* CircleSelectLocationViewController.m */ = {isa = PBXFileReference; fileEncoding = 4; lastKnownFileType = sourcecode.c.objc; path = CircleSelectLocationViewController.m; sourceTree = "<group>"; };
		9CB87FFD15380799006F06D8 /* CircleSearchResultsTableViewController.h */ = {isa = PBXFileReference; fileEncoding = 4; lastKnownFileType = sourcecode.c.h; path = CircleSearchResultsTableViewController.h; sourceTree = "<group>"; };
		9CB87FFE1538079A006F06D8 /* CircleSearchResultsTableViewController.m */ = {isa = PBXFileReference; fileEncoding = 4; lastKnownFileType = sourcecode.c.objc; path = CircleSearchResultsTableViewController.m; sourceTree = "<group>"; };
		9CB8800515381244006F06D8 /* GooglePlacesConnection.h */ = {isa = PBXFileReference; fileEncoding = 4; lastKnownFileType = sourcecode.c.h; path = GooglePlacesConnection.h; sourceTree = "<group>"; };
		9CB8800615381244006F06D8 /* GooglePlacesConnection.m */ = {isa = PBXFileReference; fileEncoding = 4; lastKnownFileType = sourcecode.c.objc; path = GooglePlacesConnection.m; sourceTree = "<group>"; };
		9CB8800715381244006F06D8 /* GooglePlacesObject.h */ = {isa = PBXFileReference; fileEncoding = 4; lastKnownFileType = sourcecode.c.h; path = GooglePlacesObject.h; sourceTree = "<group>"; };
		9CB8800815381244006F06D8 /* GooglePlacesObject.m */ = {isa = PBXFileReference; fileEncoding = 4; lastKnownFileType = sourcecode.c.objc; path = GooglePlacesObject.m; sourceTree = "<group>"; };
		9CB8800A15381245006F06D8 /* GTMDefines.h */ = {isa = PBXFileReference; fileEncoding = 4; lastKnownFileType = sourcecode.c.h; path = GTMDefines.h; sourceTree = "<group>"; };
		9CB8800B15381245006F06D8 /* GTMGarbageCollection.h */ = {isa = PBXFileReference; fileEncoding = 4; lastKnownFileType = sourcecode.c.h; path = GTMGarbageCollection.h; sourceTree = "<group>"; };
		9CB8800C15381245006F06D8 /* GTMNSString+URLArguments.h */ = {isa = PBXFileReference; fileEncoding = 4; lastKnownFileType = sourcecode.c.h; path = "GTMNSString+URLArguments.h"; sourceTree = "<group>"; };
		9CB8800D15381245006F06D8 /* GTMNSString+URLArguments.m */ = {isa = PBXFileReference; fileEncoding = 4; lastKnownFileType = sourcecode.c.objc; path = "GTMNSString+URLArguments.m"; sourceTree = "<group>"; };
		9CB8800F15381245006F06D8 /* NSObject+SBJson.h */ = {isa = PBXFileReference; fileEncoding = 4; lastKnownFileType = sourcecode.c.h; path = "NSObject+SBJson.h"; sourceTree = "<group>"; };
		9CB8801015381245006F06D8 /* NSObject+SBJson.m */ = {isa = PBXFileReference; fileEncoding = 4; lastKnownFileType = sourcecode.c.objc; path = "NSObject+SBJson.m"; sourceTree = "<group>"; };
		9CB8801115381245006F06D8 /* SBJson.h */ = {isa = PBXFileReference; fileEncoding = 4; lastKnownFileType = sourcecode.c.h; path = SBJson.h; sourceTree = "<group>"; };
		9CB8801215381245006F06D8 /* SBJsonParser.h */ = {isa = PBXFileReference; fileEncoding = 4; lastKnownFileType = sourcecode.c.h; path = SBJsonParser.h; sourceTree = "<group>"; };
		9CB8801315381245006F06D8 /* SBJsonParser.m */ = {isa = PBXFileReference; fileEncoding = 4; lastKnownFileType = sourcecode.c.objc; path = SBJsonParser.m; sourceTree = "<group>"; };
		9CB8801415381245006F06D8 /* SBJsonStreamParser.h */ = {isa = PBXFileReference; fileEncoding = 4; lastKnownFileType = sourcecode.c.h; path = SBJsonStreamParser.h; sourceTree = "<group>"; };
		9CB8801515381245006F06D8 /* SBJsonStreamParser.m */ = {isa = PBXFileReference; fileEncoding = 4; lastKnownFileType = sourcecode.c.objc; path = SBJsonStreamParser.m; sourceTree = "<group>"; };
		9CB8801615381245006F06D8 /* SBJsonStreamParserAccumulator.h */ = {isa = PBXFileReference; fileEncoding = 4; lastKnownFileType = sourcecode.c.h; path = SBJsonStreamParserAccumulator.h; sourceTree = "<group>"; };
		9CB8801715381245006F06D8 /* SBJsonStreamParserAccumulator.m */ = {isa = PBXFileReference; fileEncoding = 4; lastKnownFileType = sourcecode.c.objc; path = SBJsonStreamParserAccumulator.m; sourceTree = "<group>"; };
		9CB8801815381245006F06D8 /* SBJsonStreamParserAdapter.h */ = {isa = PBXFileReference; fileEncoding = 4; lastKnownFileType = sourcecode.c.h; path = SBJsonStreamParserAdapter.h; sourceTree = "<group>"; };
		9CB8801915381245006F06D8 /* SBJsonStreamParserAdapter.m */ = {isa = PBXFileReference; fileEncoding = 4; lastKnownFileType = sourcecode.c.objc; path = SBJsonStreamParserAdapter.m; sourceTree = "<group>"; };
		9CB8801A15381245006F06D8 /* SBJsonStreamParserState.h */ = {isa = PBXFileReference; fileEncoding = 4; lastKnownFileType = sourcecode.c.h; path = SBJsonStreamParserState.h; sourceTree = "<group>"; };
		9CB8801B15381245006F06D8 /* SBJsonStreamParserState.m */ = {isa = PBXFileReference; fileEncoding = 4; lastKnownFileType = sourcecode.c.objc; path = SBJsonStreamParserState.m; sourceTree = "<group>"; };
		9CB8801C15381245006F06D8 /* SBJsonStreamWriter.h */ = {isa = PBXFileReference; fileEncoding = 4; lastKnownFileType = sourcecode.c.h; path = SBJsonStreamWriter.h; sourceTree = "<group>"; };
		9CB8801D15381245006F06D8 /* SBJsonStreamWriter.m */ = {isa = PBXFileReference; fileEncoding = 4; lastKnownFileType = sourcecode.c.objc; path = SBJsonStreamWriter.m; sourceTree = "<group>"; };
		9CB8801E15381245006F06D8 /* SBJsonStreamWriterAccumulator.h */ = {isa = PBXFileReference; fileEncoding = 4; lastKnownFileType = sourcecode.c.h; path = SBJsonStreamWriterAccumulator.h; sourceTree = "<group>"; };
		9CB8801F15381245006F06D8 /* SBJsonStreamWriterAccumulator.m */ = {isa = PBXFileReference; fileEncoding = 4; lastKnownFileType = sourcecode.c.objc; path = SBJsonStreamWriterAccumulator.m; sourceTree = "<group>"; };
		9CB8802015381245006F06D8 /* SBJsonStreamWriterState.h */ = {isa = PBXFileReference; fileEncoding = 4; lastKnownFileType = sourcecode.c.h; path = SBJsonStreamWriterState.h; sourceTree = "<group>"; };
		9CB8802115381245006F06D8 /* SBJsonStreamWriterState.m */ = {isa = PBXFileReference; fileEncoding = 4; lastKnownFileType = sourcecode.c.objc; path = SBJsonStreamWriterState.m; sourceTree = "<group>"; };
		9CB8802215381245006F06D8 /* SBJsonTokeniser.h */ = {isa = PBXFileReference; fileEncoding = 4; lastKnownFileType = sourcecode.c.h; path = SBJsonTokeniser.h; sourceTree = "<group>"; };
		9CB8802315381245006F06D8 /* SBJsonTokeniser.m */ = {isa = PBXFileReference; fileEncoding = 4; lastKnownFileType = sourcecode.c.objc; path = SBJsonTokeniser.m; sourceTree = "<group>"; };
		9CB8802415381245006F06D8 /* SBJsonUTF8Stream.h */ = {isa = PBXFileReference; fileEncoding = 4; lastKnownFileType = sourcecode.c.h; path = SBJsonUTF8Stream.h; sourceTree = "<group>"; };
		9CB8802515381245006F06D8 /* SBJsonUTF8Stream.m */ = {isa = PBXFileReference; fileEncoding = 4; lastKnownFileType = sourcecode.c.objc; path = SBJsonUTF8Stream.m; sourceTree = "<group>"; };
		9CB8802615381245006F06D8 /* SBJsonWriter.h */ = {isa = PBXFileReference; fileEncoding = 4; lastKnownFileType = sourcecode.c.h; path = SBJsonWriter.h; sourceTree = "<group>"; };
		9CB8802715381245006F06D8 /* SBJsonWriter.m */ = {isa = PBXFileReference; fileEncoding = 4; lastKnownFileType = sourcecode.c.objc; path = SBJsonWriter.m; sourceTree = "<group>"; };
/* End PBXFileReference section */

/* Begin PBXFrameworksBuildPhase section */
		8613D468152EC6CE0002579B /* Frameworks */ = {
			isa = PBXFrameworksBuildPhase;
			buildActionMask = 2147483647;
			files = (
				8613D472152EC6CE0002579B /* Foundation.framework in Frameworks */,
				8613D470152EC6CE0002579B /* UIKit.framework in Frameworks */,
				86E0EEE01531B0B600C5C4F0 /* CoreLocation.framework in Frameworks */,
				2C5DF07D15315F6700F85C63 /* libxml2.dylib in Frameworks */,
				8613D495152ECCBD0002579B /* MobileCoreServices.framework in Frameworks */,
				2C5DF07B15315F4200F85C63 /* CoreData.framework in Frameworks */,
				8613D491152ECCAB0002579B /* CFNetwork.framework in Frameworks */,
				2C5DF07915315F1D00F85C63 /* libRestKit.a in Frameworks */,
				8613D49B152ECCDC0002579B /* QuartzCore.framework in Frameworks */,
				8613D499152ECCD40002579B /* Security.framework in Frameworks */,
				8613D497152ECCCF0002579B /* libz.1.1.3.dylib in Frameworks */,
				8613D474152EC6CF0002579B /* CoreGraphics.framework in Frameworks */,
				8613D493152ECCB70002579B /* SystemConfiguration.framework in Frameworks */,
				8613D48F152ECCA20002579B /* AudioToolbox.framework in Frameworks */,
				8613D48D152ECB9C0002579B /* Parse.framework in Frameworks */,
			);
			runOnlyForDeploymentPostprocessing = 0;
		};
/* End PBXFrameworksBuildPhase section */

/* Begin PBXGroup section */
		2C4FFD891535EC97001AD2FC /* TabBar */ = {
			isa = PBXGroup;
			children = (
				2C4FFD871535EC91001AD2FC /* tabbar-checkin.png */,
				2C4FFD851535EBE0001AD2FC /* tabbar-checkin@2x.png */,
				2C4FFD8A1535F022001AD2FC /* tabbar-checkin.png */,
				2C4FFD8B1535F022001AD2FC /* tabbar-checkin@2x.png */,
				2C4FFD8C1535F022001AD2FC /* tabbar-messages.png */,
				2C4FFD8D1535F022001AD2FC /* tabbar-messages@2x.png */,
				2C4FFD8E1535F022001AD2FC /* tabbar-nearby.png */,
				2C4FFD8F1535F022001AD2FC /* tabbar-nearby@2x.png */,
				2C4FFD901535F022001AD2FC /* tabbar-new-event.png */,
				2C4FFD911535F022001AD2FC /* tabbar-new-event@2x.png */,
				2C4FFD921535F022001AD2FC /* tabbar-search.png */,
				2C4FFD931535F022001AD2FC /* tabbar-search@2x.png */,
			);
			name = TabBar;
			sourceTree = "<group>";
		};
		2C5DF06315315D4D00F85C63 /* Products */ = {
			isa = PBXGroup;
			children = (
				2C5DF06E15315D4E00F85C63 /* libRestKit.a */,
				2C5DF07015315D4E00F85C63 /* RestKitTests.octest */,
				2C5DF07215315D4E00F85C63 /* RestKit.framework */,
				2C5DF07415315D4E00F85C63 /* RestKitFrameworkTests.octest */,
				2C5DF07615315D4E00F85C63 /* RestKitResources.bundle */,
			);
			name = Products;
			sourceTree = "<group>";
		};
		2C5DF08015316F6000F85C63 /* Create Event */ = {
			isa = PBXGroup;
			children = (
				2C113F4C1532C66200F48BB1 /* CircleCreateEventStoryboard.storyboard */,
				860EFA3D1530126400F9540F /* CircleCreateEventViewController.h */,
				860EFA3E1530126400F9540F /* CircleCreateEventViewController.m */,
				2C113F501532C8B000F48BB1 /* CircleNameDetailsTableViewController.h */,
				8605DB4A153844A6004FE9D1 /* CircleEventCategoryViewController.h */,
				8605DB4B153844A6004FE9D1 /* CircleEventCategoryViewController.m */,
				2C113F511532C8B000F48BB1 /* CircleNameDetailsTableViewController.m */,
				2CDBC3721535BFE50015FCF1 /* Where */,
				2C113F561532C9CD00F48BB1 /* CircleWhenTableViewController.h */,
				2C113F571532C9CD00F48BB1 /* CircleWhenTableViewController.m */,
				2C113F591532CB1100F48BB1 /* CircleOverviewSaveTableViewController.h */,
				2C113F5A1532CB1100F48BB1 /* CircleOverviewSaveTableViewController.m */,
			);
			name = "Create Event";
			sourceTree = "<group>";
		};
		2CDBC3721535BFE50015FCF1 /* Where */ = {
			isa = PBXGroup;
			children = (
				2C113F531532C98800F48BB1 /* CircleWhereTableViewController.h */,
				2C113F541532C98800F48BB1 /* CircleWhereTableViewController.m */,
				2CDBC36C1535BB390015FCF1 /* CircleWhereMapViewControllerViewController.h */,
				2CDBC36D1535BB390015FCF1 /* CircleWhereMapViewControllerViewController.m */,
			);
			name = Where;
			sourceTree = "<group>";
		};
		860EFA5815301C8700F9540F /* UI & Helper classes */ = {
			isa = PBXGroup;
			children = (
				86E0EEDC1531B02A00C5C4F0 /* LocationSingleton.h */,
				86E0EEDD1531B02A00C5C4F0 /* LocationSingleton.m */,
				860EFA5915301C9400F9540F /* UIPlaceHolderTextView.h */,
				860EFA5A15301C9400F9540F /* UIPlaceHolderTextView.m */,
			);
			name = "UI & Helper classes";
			sourceTree = "<group>";
		};
		8613D460152EC6CE0002579B = {
			isa = PBXGroup;
			children = (
				8613D475152EC6CF0002579B /* Circle */,
				8613D46E152EC6CE0002579B /* Frameworks */,
				8613D46C152EC6CE0002579B /* Products */,
			);
			sourceTree = "<group>";
		};
		8613D46C152EC6CE0002579B /* Products */ = {
			isa = PBXGroup;
			children = (
				8613D46B152EC6CE0002579B /* Circle.app */,
			);
			name = Products;
			sourceTree = "<group>";
		};
		8613D46E152EC6CE0002579B /* Frameworks */ = {
			isa = PBXGroup;
			children = (
				9CB8800915381244006F06D8 /* GTM */,
				9CB8800E15381245006F06D8 /* SBJSON */,
				2C5DF07C15315F6700F85C63 /* libxml2.dylib */,
				2C5DF07A15315F4200F85C63 /* CoreData.framework */,
				2C5DF06215315D4D00F85C63 /* RestKit.xcodeproj */,
				8613D49A152ECCDC0002579B /* QuartzCore.framework */,
				8613D498152ECCD40002579B /* Security.framework */,
				8613D496152ECCCF0002579B /* libz.1.1.3.dylib */,
				86E0EEDF1531B0B600C5C4F0 /* CoreLocation.framework */,
				8613D494152ECCBD0002579B /* MobileCoreServices.framework */,
				8613D492152ECCB70002579B /* SystemConfiguration.framework */,
				8613D490152ECCAB0002579B /* CFNetwork.framework */,
				8613D48E152ECCA20002579B /* AudioToolbox.framework */,
				8613D48C152ECB9C0002579B /* Parse.framework */,
				8613D46F152EC6CE0002579B /* UIKit.framework */,
				8613D471152EC6CE0002579B /* Foundation.framework */,
				8613D473152EC6CE0002579B /* CoreGraphics.framework */,
			);
			name = Frameworks;
			sourceTree = "<group>";
		};
		8613D475152EC6CF0002579B /* Circle */ = {
			isa = PBXGroup;
			children = (
				863C1EB315318B130014DA1D /* Auth */,
				863C1EA6153187730014DA1D /* Check In */,
				2C5DF08015316F6000F85C63 /* Create Event */,
				863C1EAA153188E30014DA1D /* Messages */,
				863C1EB015318A2B0014DA1D /* Nearby */,
				863C1EAD1531895A0014DA1D /* Search */,
				860EFA5815301C8700F9540F /* UI & Helper classes */,
				8613D47E152EC6CF0002579B /* CircleAppDelegate.h */,
				8613D47F152EC6CF0002579B /* CircleAppDelegate.m */,
				2C5DF07E1531607700F85C63 /* CircleConstants.h */,
				8613D481152EC6CF0002579B /* MainStoryboard.storyboard */,
				863C1EBD153190160014DA1D /* CircleMainViewController.h */,
				863C1EBE153190160014DA1D /* CircleMainViewController.m */,
				8613D49C152ED1BE0002579B /* Assets */,
				9CB8800415381244006F06D8 /* GooglePlaces */,
				8613D476152EC6CF0002579B /* Supporting Files */,
			);
			path = Circle;
			sourceTree = "<group>";
		};
		8613D476152EC6CF0002579B /* Supporting Files */ = {
			isa = PBXGroup;
			children = (
				8613D477152EC6CF0002579B /* Circle-Info.plist */,
				8613D478152EC6CF0002579B /* InfoPlist.strings */,
				8613D47B152EC6CF0002579B /* main.m */,
				8613D47D152EC6CF0002579B /* Circle-Prefix.pch */,
			);
			name = "Supporting Files";
			sourceTree = "<group>";
		};
		8613D49C152ED1BE0002579B /* Assets */ = {
			isa = PBXGroup;
			children = (
				2CD4FE2B153525F400312D46 /* cities_US.json */,
				860EFA33152FF8BA00F9540F /* profile.png */,
				860EFA34152FF8BA00F9540F /* profile@2x.png */,
				861FE0F815338AD800D3DA03 /* foursquareblue@2x.png */,
				861FE1031533CA5C00D3DA03 /* cameragray-highlighted@2x.png */,
				861FE1041533CA5C00D3DA03 /* facebook-highlighted@2x.png */,
				861FE1051533CA5C00D3DA03 /* foursquare-highlighted@2x.png */,
				861FE1111533D53F00D3DA03 /* cameragray-85@2x.png */,
				861FE1121533D53F00D3DA03 /* facebook-85@2x.png */,
				861FE1131533D53F00D3DA03 /* foursquare-85@2x.png */,
				860EFA46153019E900F9540F /* camera.png */,
				861FE1321533FEBB00D3DA03 /* 37x-Checkmark.png */,
				861FE1331533FEBB00D3DA03 /* 37x-Checkmark@2x.png */,
				861FE1471534236900D3DA03 /* connectfacebook-pressed.png */,
				861FE1481534236900D3DA03 /* connectfacebook-pressed@2x.png */,
				861FE1491534236900D3DA03 /* connectfacebook.png */,
				861FE14A1534236900D3DA03 /* connectfacebook@2x.png */,
				861FE157153427D500D3DA03 /* signinfoursqare-pressed.png */,
				861FE158153427D500D3DA03 /* signinfoursqare-pressed@2x.png */,
				868CDBCE15344CBA000058F3 /* camerawhite.png */,
				868CDBCF15344CBA000058F3 /* camerawhite@2x.png */,
				861FE159153427D500D3DA03 /* signinfoursqare.png */,
				861FE15A153427D500D3DA03 /* signinfoursqare@2x.png */,
				861FE1431534135C00D3DA03 /* checkbutton.png */,
				861FE1441534135C00D3DA03 /* checkbutton@2x.png */,
				861FE10D1533CE5400D3DA03 /* darkorange.png */,
				861FE10E1533CE5400D3DA03 /* orange.png */,
				861FE1091533CC5F00D3DA03 /* green3.png */,
				861FE1171533D7E000D3DA03 /* orangecheck.png */,
				861FE10A1533CC5F00D3DA03 /* green4.png */,
				8693FE771532D7E9007D7B17 /* facebookblue@2x.png */,
				861FE0FC15338E6E00D3DA03 /* facebook@2x.png */,
				861FE0FD15338E6E00D3DA03 /* foursquare@2x.png */,
				861FE0FA15338D1400D3DA03 /* cameragray.png */,
				2C4FFD891535EC97001AD2FC /* TabBar */,
			);
			name = Assets;
			sourceTree = "<group>";
		};
		863C1EA6153187730014DA1D /* Check In */ = {
			isa = PBXGroup;
			children = (
				863C1EA31531875B0014DA1D /* CircleCheckInStoryboard.storyboard */,
				863C1EA7153187AA0014DA1D /* CircleCheckInViewController.h */,
				863C1EA8153187AA0014DA1D /* CircleCheckInViewController.m */,
				86E0EEE11531C79A00C5C4F0 /* CircleChooseCheckInLocationViewController.h */,
				86E0EEE21531C79A00C5C4F0 /* CircleChooseCheckInLocationViewController.m */,
			);
			name = "Check In";
			sourceTree = "<group>";
		};
		863C1EAA153188E30014DA1D /* Messages */ = {
			isa = PBXGroup;
			children = (
				863C1EAB153189000014DA1D /* CircleMessagesStoryboard.storyboard */,
				860EFA401530133B00F9540F /* CircleMessagesViewController.h */,
				860EFA411530133B00F9540F /* CircleMessagesViewController.m */,
			);
			name = Messages;
			sourceTree = "<group>";
		};
		863C1EAD1531895A0014DA1D /* Search */ = {
			isa = PBXGroup;
			children = (
				863C1EAE153189700014DA1D /* CircleSearchStoryboard.storyboard */,
				9CB87FFD15380799006F06D8 /* CircleSearchResultsTableViewController.h */,
				9CB87FFE1538079A006F06D8 /* CircleSearchResultsTableViewController.m */,
				9CB87FF61537E94A006F06D8 /* CircleSelectDateViewController.h */,
				9CB87FF71537E94A006F06D8 /* CircleSelectDateViewController.m */,
				9C8906C41536B39F00311526 /* CircleSearchEventTableViewController.h */,
				9C8906C51536B39F00311526 /* CircleSearchEventTableViewController.m */,
				9C8906C91536B39F00311526 /* CircleSelectCategoryTableViewController.h */,
				9C8906CA1536B39F00311526 /* CircleSelectCategoryTableViewController.m */,
				9CB87FFA1537FB01006F06D8 /* CircleSelectLocationViewController.h */,
				9CB87FFB1537FB02006F06D8 /* CircleSelectLocationViewController.m */,
				860EFA431530150100F9540F /* CircleSearchViewController.h */,
				860EFA441530150100F9540F /* CircleSearchViewController.m */,
			);
			name = Search;
			sourceTree = "<group>";
		};
		863C1EB015318A2B0014DA1D /* Nearby */ = {
			isa = PBXGroup;
			children = (
				863C1EB115318A6F0014DA1D /* CircleNearbyStoryboard.storyboard */,
				860EFA37152FFE3500F9540F /* CircleNearbyViewController.h */,
				860EFA38152FFE3500F9540F /* CircleNearbyViewController.m */,
			);
			name = Nearby;
			sourceTree = "<group>";
		};
		863C1EB315318B130014DA1D /* Auth */ = {
			isa = PBXGroup;
			children = (
				868CDBCB15343FF5000058F3 /* CircleSignUpViewController.h */,
				868CDBCC15343FF5000058F3 /* CircleSignUpViewController.m */,
				863C1EB415318B2D0014DA1D /* CircleAuthStoryboard.storyboard */,
				861FE163153431D000D3DA03 /* CircleSignInViewController.h */,
				861FE164153431D000D3DA03 /* CircleSignInViewController.m */,
			);
			name = Auth;
			sourceTree = "<group>";
		};
		9CB8800415381244006F06D8 /* GooglePlaces */ = {
			isa = PBXGroup;
			children = (
				9CB8800515381244006F06D8 /* GooglePlacesConnection.h */,
				9CB8800615381244006F06D8 /* GooglePlacesConnection.m */,
				9CB8800715381244006F06D8 /* GooglePlacesObject.h */,
				9CB8800815381244006F06D8 /* GooglePlacesObject.m */,
			);
			name = GooglePlaces;
			path = ../GooglePlaces;
			sourceTree = "<group>";
		};
		9CB8800915381244006F06D8 /* GTM */ = {
			isa = PBXGroup;
			children = (
				9CB8800A15381245006F06D8 /* GTMDefines.h */,
				9CB8800B15381245006F06D8 /* GTMGarbageCollection.h */,
				9CB8800C15381245006F06D8 /* GTMNSString+URLArguments.h */,
				9CB8800D15381245006F06D8 /* GTMNSString+URLArguments.m */,
			);
			path = GTM;
			sourceTree = "<group>";
		};
		9CB8800E15381245006F06D8 /* SBJSON */ = {
			isa = PBXGroup;
			children = (
				9CB8800F15381245006F06D8 /* NSObject+SBJson.h */,
				9CB8801015381245006F06D8 /* NSObject+SBJson.m */,
				9CB8801115381245006F06D8 /* SBJson.h */,
				9CB8801215381245006F06D8 /* SBJsonParser.h */,
				9CB8801315381245006F06D8 /* SBJsonParser.m */,
				9CB8801415381245006F06D8 /* SBJsonStreamParser.h */,
				9CB8801515381245006F06D8 /* SBJsonStreamParser.m */,
				9CB8801615381245006F06D8 /* SBJsonStreamParserAccumulator.h */,
				9CB8801715381245006F06D8 /* SBJsonStreamParserAccumulator.m */,
				9CB8801815381245006F06D8 /* SBJsonStreamParserAdapter.h */,
				9CB8801915381245006F06D8 /* SBJsonStreamParserAdapter.m */,
				9CB8801A15381245006F06D8 /* SBJsonStreamParserState.h */,
				9CB8801B15381245006F06D8 /* SBJsonStreamParserState.m */,
				9CB8801C15381245006F06D8 /* SBJsonStreamWriter.h */,
				9CB8801D15381245006F06D8 /* SBJsonStreamWriter.m */,
				9CB8801E15381245006F06D8 /* SBJsonStreamWriterAccumulator.h */,
				9CB8801F15381245006F06D8 /* SBJsonStreamWriterAccumulator.m */,
				9CB8802015381245006F06D8 /* SBJsonStreamWriterState.h */,
				9CB8802115381245006F06D8 /* SBJsonStreamWriterState.m */,
				9CB8802215381245006F06D8 /* SBJsonTokeniser.h */,
				9CB8802315381245006F06D8 /* SBJsonTokeniser.m */,
				9CB8802415381245006F06D8 /* SBJsonUTF8Stream.h */,
				9CB8802515381245006F06D8 /* SBJsonUTF8Stream.m */,
				9CB8802615381245006F06D8 /* SBJsonWriter.h */,
				9CB8802715381245006F06D8 /* SBJsonWriter.m */,
			);
			path = SBJSON;
			sourceTree = "<group>";
		};
/* End PBXGroup section */

/* Begin PBXNativeTarget section */
		8613D46A152EC6CE0002579B /* Circle */ = {
			isa = PBXNativeTarget;
			buildConfigurationList = 8613D489152EC6CF0002579B /* Build configuration list for PBXNativeTarget "Circle" */;
			buildPhases = (
				8613D467152EC6CE0002579B /* Sources */,
				8613D468152EC6CE0002579B /* Frameworks */,
				8613D469152EC6CE0002579B /* Resources */,
			);
			buildRules = (
			);
			dependencies = (
				2C5DF07815315EDD00F85C63 /* PBXTargetDependency */,
			);
			name = Circle;
			productName = Circle;
			productReference = 8613D46B152EC6CE0002579B /* Circle.app */;
			productType = "com.apple.product-type.application";
		};
/* End PBXNativeTarget section */

/* Begin PBXProject section */
		8613D462152EC6CE0002579B /* Project object */ = {
			isa = PBXProject;
			attributes = {
				CLASSPREFIX = Circle;
				LastUpgradeCheck = 0430;
			};
			buildConfigurationList = 8613D465152EC6CE0002579B /* Build configuration list for PBXProject "Circle" */;
			compatibilityVersion = "Xcode 3.2";
			developmentRegion = English;
			hasScannedForEncodings = 0;
			knownRegions = (
				en,
			);
			mainGroup = 8613D460152EC6CE0002579B;
			productRefGroup = 8613D46C152EC6CE0002579B /* Products */;
			projectDirPath = "";
			projectReferences = (
				{
					ProductGroup = 2C5DF06315315D4D00F85C63 /* Products */;
					ProjectRef = 2C5DF06215315D4D00F85C63 /* RestKit.xcodeproj */;
				},
			);
			projectRoot = "";
			targets = (
				8613D46A152EC6CE0002579B /* Circle */,
			);
		};
/* End PBXProject section */

/* Begin PBXReferenceProxy section */
		2C5DF06E15315D4E00F85C63 /* libRestKit.a */ = {
			isa = PBXReferenceProxy;
			fileType = archive.ar;
			path = libRestKit.a;
			remoteRef = 2C5DF06D15315D4E00F85C63 /* PBXContainerItemProxy */;
			sourceTree = BUILT_PRODUCTS_DIR;
		};
		2C5DF07015315D4E00F85C63 /* RestKitTests.octest */ = {
			isa = PBXReferenceProxy;
			fileType = wrapper.cfbundle;
			path = RestKitTests.octest;
			remoteRef = 2C5DF06F15315D4E00F85C63 /* PBXContainerItemProxy */;
			sourceTree = BUILT_PRODUCTS_DIR;
		};
		2C5DF07215315D4E00F85C63 /* RestKit.framework */ = {
			isa = PBXReferenceProxy;
			fileType = wrapper.framework;
			path = RestKit.framework;
			remoteRef = 2C5DF07115315D4E00F85C63 /* PBXContainerItemProxy */;
			sourceTree = BUILT_PRODUCTS_DIR;
		};
		2C5DF07415315D4E00F85C63 /* RestKitFrameworkTests.octest */ = {
			isa = PBXReferenceProxy;
			fileType = wrapper.cfbundle;
			path = RestKitFrameworkTests.octest;
			remoteRef = 2C5DF07315315D4E00F85C63 /* PBXContainerItemProxy */;
			sourceTree = BUILT_PRODUCTS_DIR;
		};
		2C5DF07615315D4E00F85C63 /* RestKitResources.bundle */ = {
			isa = PBXReferenceProxy;
			fileType = wrapper.cfbundle;
			path = RestKitResources.bundle;
			remoteRef = 2C5DF07515315D4E00F85C63 /* PBXContainerItemProxy */;
			sourceTree = BUILT_PRODUCTS_DIR;
		};
/* End PBXReferenceProxy section */

/* Begin PBXResourcesBuildPhase section */
		8613D469152EC6CE0002579B /* Resources */ = {
			isa = PBXResourcesBuildPhase;
			buildActionMask = 2147483647;
			files = (
				8613D47A152EC6CF0002579B /* InfoPlist.strings in Resources */,
				8613D483152EC6CF0002579B /* MainStoryboard.storyboard in Resources */,
				860EFA35152FF8BA00F9540F /* profile.png in Resources */,
				860EFA36152FF8BA00F9540F /* profile@2x.png in Resources */,
				860EFA47153019E900F9540F /* camera.png in Resources */,
				863C1EA41531875B0014DA1D /* CircleCheckInStoryboard.storyboard in Resources */,
				863C1EAC153189000014DA1D /* CircleMessagesStoryboard.storyboard in Resources */,
				863C1EAF153189700014DA1D /* CircleSearchStoryboard.storyboard in Resources */,
				863C1EB215318A6F0014DA1D /* CircleNearbyStoryboard.storyboard in Resources */,
				863C1EB515318B2D0014DA1D /* CircleAuthStoryboard.storyboard in Resources */,
				2C113F4D1532C66200F48BB1 /* CircleCreateEventStoryboard.storyboard in Resources */,
				8693FE7B1532D7E9007D7B17 /* facebookblue@2x.png in Resources */,
				861FE0F915338AD800D3DA03 /* foursquareblue@2x.png in Resources */,
				861FE0FB15338D1400D3DA03 /* cameragray.png in Resources */,
				861FE0FE15338E6E00D3DA03 /* facebook@2x.png in Resources */,
				861FE0FF15338E6E00D3DA03 /* foursquare@2x.png in Resources */,
				861FE1061533CA5C00D3DA03 /* cameragray-highlighted@2x.png in Resources */,
				861FE1071533CA5C00D3DA03 /* facebook-highlighted@2x.png in Resources */,
				861FE1081533CA5C00D3DA03 /* foursquare-highlighted@2x.png in Resources */,
				861FE10B1533CC5F00D3DA03 /* green3.png in Resources */,
				861FE10C1533CC5F00D3DA03 /* green4.png in Resources */,
				861FE10F1533CE5400D3DA03 /* darkorange.png in Resources */,
				861FE1101533CE5400D3DA03 /* orange.png in Resources */,
				861FE1141533D53F00D3DA03 /* cameragray-85@2x.png in Resources */,
				861FE1151533D53F00D3DA03 /* facebook-85@2x.png in Resources */,
				861FE1161533D53F00D3DA03 /* foursquare-85@2x.png in Resources */,
				861FE1181533D7E000D3DA03 /* orangecheck.png in Resources */,
				861FE1341533FEBB00D3DA03 /* 37x-Checkmark.png in Resources */,
				861FE1351533FEBB00D3DA03 /* 37x-Checkmark@2x.png in Resources */,
				861FE1451534135C00D3DA03 /* checkbutton.png in Resources */,
				861FE1461534135C00D3DA03 /* checkbutton@2x.png in Resources */,
				861FE14B1534236900D3DA03 /* connectfacebook-pressed.png in Resources */,
				861FE14C1534236900D3DA03 /* connectfacebook-pressed@2x.png in Resources */,
				861FE14D1534236900D3DA03 /* connectfacebook.png in Resources */,
				861FE14E1534236900D3DA03 /* connectfacebook@2x.png in Resources */,
				861FE15B153427D500D3DA03 /* signinfoursqare-pressed.png in Resources */,
				861FE15C153427D500D3DA03 /* signinfoursqare-pressed@2x.png in Resources */,
				861FE15D153427D500D3DA03 /* signinfoursqare.png in Resources */,
				861FE15E153427D500D3DA03 /* signinfoursqare@2x.png in Resources */,
				868CDBD015344CBA000058F3 /* camerawhite.png in Resources */,
				868CDBD115344CBA000058F3 /* camerawhite@2x.png in Resources */,
				2CD4FE2C153525F400312D46 /* cities_US.json in Resources */,
				2C4FFD861535EBE0001AD2FC /* tabbar-checkin@2x.png in Resources */,
				2C4FFD881535EC92001AD2FC /* tabbar-checkin.png in Resources */,
				2C4FFD941535F022001AD2FC /* tabbar-checkin.png in Resources */,
				2C4FFD951535F022001AD2FC /* tabbar-checkin@2x.png in Resources */,
				2C4FFD961535F022001AD2FC /* tabbar-messages.png in Resources */,
				2C4FFD971535F022001AD2FC /* tabbar-messages@2x.png in Resources */,
				2C4FFD981535F022001AD2FC /* tabbar-nearby.png in Resources */,
				2C4FFD991535F022001AD2FC /* tabbar-nearby@2x.png in Resources */,
				2C4FFD9A1535F022001AD2FC /* tabbar-new-event.png in Resources */,
				2C4FFD9B1535F022001AD2FC /* tabbar-new-event@2x.png in Resources */,
				2C4FFD9C1535F022001AD2FC /* tabbar-search.png in Resources */,
				2C4FFD9D1535F022001AD2FC /* tabbar-search@2x.png in Resources */,
			);
			runOnlyForDeploymentPostprocessing = 0;
		};
/* End PBXResourcesBuildPhase section */

/* Begin PBXSourcesBuildPhase section */
		8613D467152EC6CE0002579B /* Sources */ = {
			isa = PBXSourcesBuildPhase;
			buildActionMask = 2147483647;
			files = (
				8613D47C152EC6CF0002579B /* main.m in Sources */,
				8613D480152EC6CF0002579B /* CircleAppDelegate.m in Sources */,
				860EFA39152FFE3500F9540F /* CircleNearbyViewController.m in Sources */,
				860EFA3F1530126400F9540F /* CircleCreateEventViewController.m in Sources */,
				860EFA421530133B00F9540F /* CircleMessagesViewController.m in Sources */,
				2C5DF07F1531672E00F85C63 /* UIPlaceHolderTextView.m in Sources */,
				860EFA451530150100F9540F /* CircleSearchViewController.m in Sources */,
				2C113F521532C90D00F48BB1 /* CircleNameDetailsTableViewController.m in Sources */,
				863C1EA9153187AA0014DA1D /* CircleCheckInViewController.m in Sources */,
				863C1EBF153190170014DA1D /* CircleMainViewController.m in Sources */,
				86E0EEDE1531B02A00C5C4F0 /* LocationSingleton.m in Sources */,
				86E0EEE31531C79A00C5C4F0 /* CircleChooseCheckInLocationViewController.m in Sources */,
				2C113F551532C98800F48BB1 /* CircleWhereTableViewController.m in Sources */,
				2C113F581532C9CD00F48BB1 /* CircleWhenTableViewController.m in Sources */,
				2C113F5B1532CB1100F48BB1 /* CircleOverviewSaveTableViewController.m in Sources */,
				861FE165153431D000D3DA03 /* CircleSignInViewController.m in Sources */,
				868CDBCD15343FF5000058F3 /* CircleSignUpViewController.m in Sources */,
				2CDBC36E1535BB390015FCF1 /* CircleWhereMapViewControllerViewController.m in Sources */,
				9C8906D11536B39F00311526 /* CircleSearchEventTableViewController.m in Sources */,
				9C8906D41536B39F00311526 /* CircleSelectCategoryTableViewController.m in Sources */,
				9CB87FF81537E94B006F06D8 /* CircleSelectDateViewController.m in Sources */,
				9CB87FFC1537FB02006F06D8 /* CircleSelectLocationViewController.m in Sources */,
				9CB87FFF1538079A006F06D8 /* CircleSearchResultsTableViewController.m in Sources */,
				9CB8802815381245006F06D8 /* GooglePlacesConnection.m in Sources */,
				9CB8802915381245006F06D8 /* GooglePlacesObject.m in Sources */,
				9CB8802A15381245006F06D8 /* GTMNSString+URLArguments.m in Sources */,
				9CB8802B15381245006F06D8 /* NSObject+SBJson.m in Sources */,
				9CB8802C15381245006F06D8 /* SBJsonParser.m in Sources */,
				9CB8802D15381245006F06D8 /* SBJsonStreamParser.m in Sources */,
				9CB8802E15381245006F06D8 /* SBJsonStreamParserAccumulator.m in Sources */,
				9CB8802F15381245006F06D8 /* SBJsonStreamParserAdapter.m in Sources */,
				9CB8803015381245006F06D8 /* SBJsonStreamParserState.m in Sources */,
				9CB8803115381245006F06D8 /* SBJsonStreamWriter.m in Sources */,
				9CB8803215381245006F06D8 /* SBJsonStreamWriterAccumulator.m in Sources */,
				9CB8803315381245006F06D8 /* SBJsonStreamWriterState.m in Sources */,
				9CB8803415381245006F06D8 /* SBJsonTokeniser.m in Sources */,
				9CB8803515381245006F06D8 /* SBJsonUTF8Stream.m in Sources */,
				9CB8803615381245006F06D8 /* SBJsonWriter.m in Sources */,
				8605DB4C153844A6004FE9D1 /* CircleEventCategoryViewController.m in Sources */,
			);
			runOnlyForDeploymentPostprocessing = 0;
		};
/* End PBXSourcesBuildPhase section */

/* Begin PBXTargetDependency section */
		2C5DF07815315EDD00F85C63 /* PBXTargetDependency */ = {
			isa = PBXTargetDependency;
			name = RestKitFramework;
			targetProxy = 2C5DF07715315EDD00F85C63 /* PBXContainerItemProxy */;
		};
/* End PBXTargetDependency section */

/* Begin PBXVariantGroup section */
		8613D478152EC6CF0002579B /* InfoPlist.strings */ = {
			isa = PBXVariantGroup;
			children = (
				8613D479152EC6CF0002579B /* en */,
			);
			name = InfoPlist.strings;
			sourceTree = "<group>";
		};
		8613D481152EC6CF0002579B /* MainStoryboard.storyboard */ = {
			isa = PBXVariantGroup;
			children = (
				8613D482152EC6CF0002579B /* en */,
			);
			name = MainStoryboard.storyboard;
			sourceTree = "<group>";
		};
/* End PBXVariantGroup section */

/* Begin XCBuildConfiguration section */
		8613D487152EC6CF0002579B /* Debug */ = {
			isa = XCBuildConfiguration;
			buildSettings = {
				ALWAYS_SEARCH_USER_PATHS = NO;
				ARCHS = "$(ARCHS_STANDARD_32_BIT)";
				CLANG_ENABLE_OBJC_ARC = YES;
				"CODE_SIGN_IDENTITY[sdk=iphoneos*]" = "iPhone Developer";
				COPY_PHASE_STRIP = NO;
				GCC_C_LANGUAGE_STANDARD = gnu99;
				GCC_DYNAMIC_NO_PIC = NO;
				GCC_OPTIMIZATION_LEVEL = 0;
				GCC_PREPROCESSOR_DEFINITIONS = (
					"DEBUG=1",
					"$(inherited)",
				);
				GCC_SYMBOLS_PRIVATE_EXTERN = NO;
				GCC_VERSION = com.apple.compilers.llvm.clang.1_0;
				GCC_WARN_ABOUT_RETURN_TYPE = YES;
				GCC_WARN_UNINITIALIZED_AUTOS = YES;
				GCC_WARN_UNUSED_VARIABLE = YES;
				IPHONEOS_DEPLOYMENT_TARGET = 5.1;
				SDKROOT = iphoneos;
			};
			name = Debug;
		};
		8613D488152EC6CF0002579B /* Release */ = {
			isa = XCBuildConfiguration;
			buildSettings = {
				ALWAYS_SEARCH_USER_PATHS = NO;
				ARCHS = "$(ARCHS_STANDARD_32_BIT)";
				CLANG_ENABLE_OBJC_ARC = YES;
				"CODE_SIGN_IDENTITY[sdk=iphoneos*]" = "iPhone Developer";
				COPY_PHASE_STRIP = YES;
				GCC_C_LANGUAGE_STANDARD = gnu99;
				GCC_VERSION = com.apple.compilers.llvm.clang.1_0;
				GCC_WARN_ABOUT_RETURN_TYPE = YES;
				GCC_WARN_UNINITIALIZED_AUTOS = YES;
				GCC_WARN_UNUSED_VARIABLE = YES;
				IPHONEOS_DEPLOYMENT_TARGET = 5.1;
				OTHER_CFLAGS = "-DNS_BLOCK_ASSERTIONS=1";
				SDKROOT = iphoneos;
				VALIDATE_PRODUCT = YES;
			};
			name = Release;
		};
		8613D48A152EC6CF0002579B /* Debug */ = {
			isa = XCBuildConfiguration;
			buildSettings = {
				FRAMEWORK_SEARCH_PATHS = (
					"$(inherited)",
					"\"$(SRCROOT)\"",
					"\"$(SRCROOT)/RestKit/Tests/Vendor/OCHamcrest\"",
				);
				GCC_PRECOMPILE_PREFIX_HEADER = YES;
				GCC_PREFIX_HEADER = "Circle/Circle-Prefix.pch";
				HEADER_SEARCH_PATHS = "\"$(BUILT_PRODUCTS_DIR)/../../Headers\"";
				INFOPLIST_FILE = "Circle/Circle-Info.plist";
				OTHER_LDFLAGS = (
					"-ObjC",
					"-all_load",
				);
				PRODUCT_NAME = "$(TARGET_NAME)";
				WRAPPER_EXTENSION = app;
			};
			name = Debug;
		};
		8613D48B152EC6CF0002579B /* Release */ = {
			isa = XCBuildConfiguration;
			buildSettings = {
				FRAMEWORK_SEARCH_PATHS = (
					"$(inherited)",
					"\"$(SRCROOT)\"",
					"\"$(SRCROOT)/RestKit/Tests/Vendor/OCHamcrest\"",
				);
				GCC_PRECOMPILE_PREFIX_HEADER = YES;
				GCC_PREFIX_HEADER = "Circle/Circle-Prefix.pch";
				HEADER_SEARCH_PATHS = "\"$(BUILT_PRODUCTS_DIR)/../../Headers\"";
				INFOPLIST_FILE = "Circle/Circle-Info.plist";
				OTHER_LDFLAGS = (
					"-ObjC",
					"-all_load",
				);
				"OTHER_LDFLAGS[arch=*]" = "-fobjc-arc";
				PRODUCT_NAME = "$(TARGET_NAME)";
				WRAPPER_EXTENSION = app;
			};
			name = Release;
		};
/* End XCBuildConfiguration section */

/* Begin XCConfigurationList section */
		8613D465152EC6CE0002579B /* Build configuration list for PBXProject "Circle" */ = {
			isa = XCConfigurationList;
			buildConfigurations = (
				8613D487152EC6CF0002579B /* Debug */,
				8613D488152EC6CF0002579B /* Release */,
			);
			defaultConfigurationIsVisible = 0;
			defaultConfigurationName = Release;
		};
		8613D489152EC6CF0002579B /* Build configuration list for PBXNativeTarget "Circle" */ = {
			isa = XCConfigurationList;
			buildConfigurations = (
				8613D48A152EC6CF0002579B /* Debug */,
				8613D48B152EC6CF0002579B /* Release */,
			);
			defaultConfigurationIsVisible = 0;
			defaultConfigurationName = Release;
		};
/* End XCConfigurationList section */
	};
	rootObject = 8613D462152EC6CE0002579B /* Project object */;
}
